
Microsoft Visual Studio Solution File, Format Version 12.00
# Visual Studio Version 16
VisualStudioVersion = 16.0.28917.181
MinimumVisualStudioVersion = 10.0.40219.1
Project("{FAE04EC0-301F-11D3-BF4B-00C04F79EFBC}") = "WebApplication1", "WebApplication1\WebApplication1.csproj", "{21842BAC-BB5B-4EAC-B15C-DE51E292EEE2}"
EndProject
Project("{FAE04EC0-301F-11D3-BF4B-00C04F79EFBC}") = "FractalLib", "FractalLib\FractalLib.csproj", "{41DF8176-A7C4-41D9-8AF0-AC9E222E66BB}"
EndProject
Global
	GlobalSection(SolutionConfigurationPlatforms) = preSolution
		Debug|Any CPU = Debug|Any CPU
		Release|Any CPU = Release|Any CPU
	EndGlobalSection
	GlobalSection(ProjectConfigurationPlatforms) = postSolution
		{21842BAC-BB5B-4EAC-B15C-DE51E292EEE2}.Debug|Any CPU.ActiveCfg = Debug|Any CPU
		{21842BAC-BB5B-4EAC-B15C-DE51E292EEE2}.Debug|Any CPU.Build.0 = Debug|Any CPU
		{21842BAC-BB5B-4EAC-B15C-DE51E292EEE2}.Release|Any CPU.ActiveCfg = Release|Any CPU
		{21842BAC-BB5B-4EAC-B15C-DE51E292EEE2}.Release|Any CPU.Build.0 = Release|Any CPU
		{41DF8176-A7C4-41D9-8AF0-AC9E222E66BB}.Debug|Any CPU.ActiveCfg = Debug|Any CPU
		{41DF8176-A7C4-41D9-8AF0-AC9E222E66BB}.Debug|Any CPU.Build.0 = Debug|Any CPU
		{41DF8176-A7C4-41D9-8AF0-AC9E222E66BB}.Release|Any CPU.ActiveCfg = Release|Any CPU
		{41DF8176-A7C4-41D9-8AF0-AC9E222E66BB}.Release|Any CPU.Build.0 = Release|Any CPU
	EndGlobalSection
	GlobalSection(SolutionProperties) = preSolution
		HideSolutionNode = FALSE
	EndGlobalSection
	GlobalSection(ExtensibilityGlobals) = postSolution
		SolutionGuid = {9DB20138-21BD-4F6C-BF21-7FF35B234502}
	EndGlobalSection
EndGlobal
